
Microsoft Visual Studio Solution File, Format Version 12.00
# Visual Studio 15
VisualStudioVersion = 15.0.28010.2050
MinimumVisualStudioVersion = 10.0.40219.1
Project("{9A19103F-16F7-4668-BE54-9A1E7A4F7556}") = "RandomDataGenerator", "RandomDataGenerator\RandomDataGenerator.csproj", "{D23EB0AA-1EB0-45D6-8985-14CF01CEDD10}"
EndProject
Project("{2150E333-8FDC-42A3-9474-1A3956D46DE8}") = "lib", "lib", "{204BD573-1779-4EC8-AE0B-70E5C72ABAE9}"
EndProject
Project("{2150E333-8FDC-42A3-9474-1A3956D46DE8}") = "console", "console", "{F8306255-6F4A-4E70-9932-06B2A3C9DF78}"
EndProject
Project("{FAE04EC0-301F-11D3-BF4B-00C04F79EFBC}") = "ConsoleAppClassic", "ConsoleAppClassic\ConsoleAppClassic.csproj", "{FEF862C9-B401-42AB-B753-C877FB11D4CD}"
EndProject
Project("{2150E333-8FDC-42A3-9474-1A3956D46DE8}") = "_Solution Items", "_Solution Items", "{B178195C-4964-44C5-8EB1-1628EF9C64D2}"
	ProjectSection(SolutionItems) = preProject
		RandomDataGenerator Solution.sln.DotSettings = RandomDataGenerator Solution.sln.DotSettings
		..\README.md = ..\README.md
	EndProjectSection
EndProject
Project("{9A19103F-16F7-4668-BE54-9A1E7A4F7556}") = "ConsoleAppNetCoreApp1", "ConsoleAppNetCoreApp1\ConsoleAppNetCoreApp1.csproj", "{983EAE55-828B-4135-A1C6-BF7A1BA193EE}"
EndProject
Global
	GlobalSection(SolutionConfigurationPlatforms) = preSolution
		Debug|Any CPU = Debug|Any CPU
		Release|Any CPU = Release|Any CPU
	EndGlobalSection
	GlobalSection(ProjectConfigurationPlatforms) = postSolution
		{D23EB0AA-1EB0-45D6-8985-14CF01CEDD10}.Debug|Any CPU.ActiveCfg = Debug|Any CPU
		{D23EB0AA-1EB0-45D6-8985-14CF01CEDD10}.Debug|Any CPU.Build.0 = Debug|Any CPU
		{D23EB0AA-1EB0-45D6-8985-14CF01CEDD10}.Release|Any CPU.ActiveCfg = Release|Any CPU
		{D23EB0AA-1EB0-45D6-8985-14CF01CEDD10}.Release|Any CPU.Build.0 = Release|Any CPU
		{FEF862C9-B401-42AB-B753-C877FB11D4CD}.Debug|Any CPU.ActiveCfg = Debug|Any CPU
		{FEF862C9-B401-42AB-B753-C877FB11D4CD}.Debug|Any CPU.Build.0 = Debug|Any CPU
		{FEF862C9-B401-42AB-B753-C877FB11D4CD}.Release|Any CPU.ActiveCfg = Release|Any CPU
		{FEF862C9-B401-42AB-B753-C877FB11D4CD}.Release|Any CPU.Build.0 = Release|Any CPU
		{983EAE55-828B-4135-A1C6-BF7A1BA193EE}.Debug|Any CPU.ActiveCfg = Debug|Any CPU
		{983EAE55-828B-4135-A1C6-BF7A1BA193EE}.Debug|Any CPU.Build.0 = Debug|Any CPU
		{983EAE55-828B-4135-A1C6-BF7A1BA193EE}.Release|Any CPU.ActiveCfg = Release|Any CPU
		{983EAE55-828B-4135-A1C6-BF7A1BA193EE}.Release|Any CPU.Build.0 = Release|Any CPU
	EndGlobalSection
	GlobalSection(SolutionProperties) = preSolution
		HideSolutionNode = FALSE
	EndGlobalSection
	GlobalSection(NestedProjects) = preSolution
		{D23EB0AA-1EB0-45D6-8985-14CF01CEDD10} = {204BD573-1779-4EC8-AE0B-70E5C72ABAE9}
		{FEF862C9-B401-42AB-B753-C877FB11D4CD} = {F8306255-6F4A-4E70-9932-06B2A3C9DF78}
		{983EAE55-828B-4135-A1C6-BF7A1BA193EE} = {F8306255-6F4A-4E70-9932-06B2A3C9DF78}
	EndGlobalSection
	GlobalSection(ExtensibilityGlobals) = postSolution
		SolutionGuid = {F00DE8F4-BF0D-49C3-8854-600E8142BE41}
	EndGlobalSection
EndGlobal
