
Microsoft Visual Studio Solution File, Format Version 12.00
# Visual Studio Version 17
VisualStudioVersion = 17.1.32228.430
MinimumVisualStudioVersion = 10.0.40219.1
Project("{9A19103F-16F7-4668-BE54-9A1E7A4F7556}") = "RandomDataGenerator", "RandomDataGenerator\RandomDataGenerator.csproj", "{D23EB0AA-1EB0-45D6-8985-14CF01CEDD10}"
EndProject
Project("{2150E333-8FDC-42A3-9474-1A3956D46DE8}") = "lib", "lib", "{204BD573-1779-4EC8-AE0B-70E5C72ABAE9}"
EndProject
Project("{2150E333-8FDC-42A3-9474-1A3956D46DE8}") = "console", "console", "{F8306255-6F4A-4E70-9932-06B2A3C9DF78}"
EndProject
Project("{FAE04EC0-301F-11D3-BF4B-00C04F79EFBC}") = "ConsoleAppClassic", "ConsoleAppClassic\ConsoleAppClassic.csproj", "{FEF862C9-B401-42AB-B753-C877FB11D4CD}"
EndProject
Project("{2150E333-8FDC-42A3-9474-1A3956D46DE8}") = "_Solution Items", "_Solution Items", "{B178195C-4964-44C5-8EB1-1628EF9C64D2}"
	ProjectSection(SolutionItems) = preProject
		..\Directory.Build.props = ..\Directory.Build.props
		..\Generate-ReleaseNotes.bat = ..\Generate-ReleaseNotes.bat
		RandomDataGenerator Solution.sln.DotSettings = RandomDataGenerator Solution.sln.DotSettings
		..\README.md = ..\README.md
		..\ReleaseNotes.md = ..\ReleaseNotes.md
	EndProjectSection
EndProject
Project("{9A19103F-16F7-4668-BE54-9A1E7A4F7556}") = "ConsoleAppNetCoreApp1", "ConsoleAppNetCoreApp1\ConsoleAppNetCoreApp1.csproj", "{983EAE55-828B-4135-A1C6-BF7A1BA193EE}"
EndProject
Project("{2150E333-8FDC-42A3-9474-1A3956D46DE8}") = "gui", "gui", "{CD43A6FA-4DEF-47B3-A430-9E7FFAD6B035}"
EndProject
Project("{2150E333-8FDC-42A3-9474-1A3956D46DE8}") = "Example Project Files", "Example Project Files", "{E32DF9EB-603F-494D-A4BB-34CF2321F545}"
	ProjectSection(SolutionItems) = preProject
		..\Example Project Files\My Project.xml = ..\Example Project Files\My Project.xml
	EndProjectSection
EndProject
Project("{9A19103F-16F7-4668-BE54-9A1E7A4F7556}") = "ConsoleAppNetCoreApp2", "ConsoleAppNetCoreApp2\ConsoleAppNetCoreApp2.csproj", "{6AB9BD42-8B23-425C-9B5D-B97A52F008BE}"
EndProject
Project("{FAE04EC0-301F-11D3-BF4B-00C04F79EFBC}") = "RandomDataGenerator.Gui", "RandomDataGenerator.Gui\RandomDataGenerator.Gui.csproj", "{36D5822C-791D-4F72-9ED4-7DBC164A7E24}"
EndProject
Project("{9A19103F-16F7-4668-BE54-9A1E7A4F7556}") = "RandomDataGenerator.Gui6", "RandomDataGenerator.Gui6\RandomDataGenerator.Gui6.csproj", "{94DA986E-B36A-4A9A-8B1E-F5BBAE82BEE7}"
EndProject
Project("{9A19103F-16F7-4668-BE54-9A1E7A4F7556}") = "RandomDataGenerator.Gui3", "RandomDataGenerator.Gui3\RandomDataGenerator.Gui3.csproj", "{89571CAF-8CA9-44C2-98AB-D476CA2458DF}"
EndProject
Project("{9A19103F-16F7-4668-BE54-9A1E7A4F7556}") = "ConsoleApp", "ConsoleApp\ConsoleApp.csproj", "{13262322-06A6-4CB7-AABC-78DA60730E07}"
EndProject
Project("{2150E333-8FDC-42A3-9474-1A3956D46DE8}") = "tests", "tests", "{51B9C7D7-C306-485A-8EA9-38B32E928E95}"
EndProject
Project("{FAE04EC0-301F-11D3-BF4B-00C04F79EFBC}") = "RandomDataGenerator.Tests", "RandomDataGenerator.Tests\RandomDataGenerator.Tests.csproj", "{C0EFF0D6-C214-45B2-9406-D7E4343614DB}"
EndProject
Global
	GlobalSection(SolutionConfigurationPlatforms) = preSolution
		Debug|Any CPU = Debug|Any CPU
		Release|Any CPU = Release|Any CPU
	EndGlobalSection
	GlobalSection(ProjectConfigurationPlatforms) = postSolution
		{D23EB0AA-1EB0-45D6-8985-14CF01CEDD10}.Debug|Any CPU.ActiveCfg = Debug|Any CPU
		{D23EB0AA-1EB0-45D6-8985-14CF01CEDD10}.Debug|Any CPU.Build.0 = Debug|Any CPU
		{D23EB0AA-1EB0-45D6-8985-14CF01CEDD10}.Release|Any CPU.ActiveCfg = Release|Any CPU
		{D23EB0AA-1EB0-45D6-8985-14CF01CEDD10}.Release|Any CPU.Build.0 = Release|Any CPU
		{FEF862C9-B401-42AB-B753-C877FB11D4CD}.Debug|Any CPU.ActiveCfg = Debug|Any CPU
		{FEF862C9-B401-42AB-B753-C877FB11D4CD}.Debug|Any CPU.Build.0 = Debug|Any CPU
		{FEF862C9-B401-42AB-B753-C877FB11D4CD}.Release|Any CPU.ActiveCfg = Release|Any CPU
		{FEF862C9-B401-42AB-B753-C877FB11D4CD}.Release|Any CPU.Build.0 = Release|Any CPU
		{983EAE55-828B-4135-A1C6-BF7A1BA193EE}.Debug|Any CPU.ActiveCfg = Debug|Any CPU
		{983EAE55-828B-4135-A1C6-BF7A1BA193EE}.Debug|Any CPU.Build.0 = Debug|Any CPU
		{983EAE55-828B-4135-A1C6-BF7A1BA193EE}.Release|Any CPU.ActiveCfg = Release|Any CPU
		{983EAE55-828B-4135-A1C6-BF7A1BA193EE}.Release|Any CPU.Build.0 = Release|Any CPU
		{6AB9BD42-8B23-425C-9B5D-B97A52F008BE}.Debug|Any CPU.ActiveCfg = Debug|Any CPU
		{6AB9BD42-8B23-425C-9B5D-B97A52F008BE}.Debug|Any CPU.Build.0 = Debug|Any CPU
		{6AB9BD42-8B23-425C-9B5D-B97A52F008BE}.Release|Any CPU.ActiveCfg = Release|Any CPU
		{6AB9BD42-8B23-425C-9B5D-B97A52F008BE}.Release|Any CPU.Build.0 = Release|Any CPU
		{36D5822C-791D-4F72-9ED4-7DBC164A7E24}.Debug|Any CPU.ActiveCfg = Debug|Any CPU
		{36D5822C-791D-4F72-9ED4-7DBC164A7E24}.Debug|Any CPU.Build.0 = Debug|Any CPU
		{36D5822C-791D-4F72-9ED4-7DBC164A7E24}.Release|Any CPU.ActiveCfg = Release|Any CPU
		{36D5822C-791D-4F72-9ED4-7DBC164A7E24}.Release|Any CPU.Build.0 = Release|Any CPU
		{94DA986E-B36A-4A9A-8B1E-F5BBAE82BEE7}.Debug|Any CPU.ActiveCfg = Debug|Any CPU
		{94DA986E-B36A-4A9A-8B1E-F5BBAE82BEE7}.Debug|Any CPU.Build.0 = Debug|Any CPU
		{94DA986E-B36A-4A9A-8B1E-F5BBAE82BEE7}.Release|Any CPU.ActiveCfg = Release|Any CPU
		{94DA986E-B36A-4A9A-8B1E-F5BBAE82BEE7}.Release|Any CPU.Build.0 = Release|Any CPU
		{89571CAF-8CA9-44C2-98AB-D476CA2458DF}.Debug|Any CPU.ActiveCfg = Debug|Any CPU
		{89571CAF-8CA9-44C2-98AB-D476CA2458DF}.Debug|Any CPU.Build.0 = Debug|Any CPU
		{89571CAF-8CA9-44C2-98AB-D476CA2458DF}.Release|Any CPU.ActiveCfg = Release|Any CPU
		{89571CAF-8CA9-44C2-98AB-D476CA2458DF}.Release|Any CPU.Build.0 = Release|Any CPU
		{13262322-06A6-4CB7-AABC-78DA60730E07}.Debug|Any CPU.ActiveCfg = Debug|Any CPU
		{13262322-06A6-4CB7-AABC-78DA60730E07}.Debug|Any CPU.Build.0 = Debug|Any CPU
		{13262322-06A6-4CB7-AABC-78DA60730E07}.Release|Any CPU.ActiveCfg = Release|Any CPU
		{13262322-06A6-4CB7-AABC-78DA60730E07}.Release|Any CPU.Build.0 = Release|Any CPU
		{C0EFF0D6-C214-45B2-9406-D7E4343614DB}.Debug|Any CPU.ActiveCfg = Debug|Any CPU
		{C0EFF0D6-C214-45B2-9406-D7E4343614DB}.Debug|Any CPU.Build.0 = Debug|Any CPU
		{C0EFF0D6-C214-45B2-9406-D7E4343614DB}.Release|Any CPU.ActiveCfg = Release|Any CPU
		{C0EFF0D6-C214-45B2-9406-D7E4343614DB}.Release|Any CPU.Build.0 = Release|Any CPU
	EndGlobalSection
	GlobalSection(SolutionProperties) = preSolution
		HideSolutionNode = FALSE
	EndGlobalSection
	GlobalSection(NestedProjects) = preSolution
		{D23EB0AA-1EB0-45D6-8985-14CF01CEDD10} = {204BD573-1779-4EC8-AE0B-70E5C72ABAE9}
		{FEF862C9-B401-42AB-B753-C877FB11D4CD} = {F8306255-6F4A-4E70-9932-06B2A3C9DF78}
		{983EAE55-828B-4135-A1C6-BF7A1BA193EE} = {F8306255-6F4A-4E70-9932-06B2A3C9DF78}
		{6AB9BD42-8B23-425C-9B5D-B97A52F008BE} = {F8306255-6F4A-4E70-9932-06B2A3C9DF78}
		{36D5822C-791D-4F72-9ED4-7DBC164A7E24} = {CD43A6FA-4DEF-47B3-A430-9E7FFAD6B035}
		{94DA986E-B36A-4A9A-8B1E-F5BBAE82BEE7} = {CD43A6FA-4DEF-47B3-A430-9E7FFAD6B035}
		{89571CAF-8CA9-44C2-98AB-D476CA2458DF} = {CD43A6FA-4DEF-47B3-A430-9E7FFAD6B035}
		{13262322-06A6-4CB7-AABC-78DA60730E07} = {F8306255-6F4A-4E70-9932-06B2A3C9DF78}
		{C0EFF0D6-C214-45B2-9406-D7E4343614DB} = {51B9C7D7-C306-485A-8EA9-38B32E928E95}
	EndGlobalSection
	GlobalSection(ExtensibilityGlobals) = postSolution
		SolutionGuid = {F00DE8F4-BF0D-49C3-8854-600E8142BE41}
	EndGlobalSection
EndGlobal
